
Microsoft Visual Studio Solution File, Format Version 12.00
# Visual Studio Version 17
VisualStudioVersion = 17.0.31903.59
MinimumVisualStudioVersion = 10.0.40219.1
Project("{2150E333-8FDC-42A3-9474-1A3956D46DE8}") = "apps", "apps", "{D72B0C72-34F9-4478-B52E-BD3227C113BB}"
EndProject
Project("{2150E333-8FDC-42A3-9474-1A3956D46DE8}") = "gateway", "gateway", "{9555516A-6E6F-4DBD-B64E-7F508D9301BC}"
EndProject
Project("{9A19103F-16F7-4668-BE54-9A1E7A4F7556}") = "ONE.Gateway", "gateway\ONE.Gateway\ONE.Gateway.csproj", "{EA1EAB00-86A6-4C32-B8CC-5DCC18B3E2B6}"
EndProject
Project("{2150E333-8FDC-42A3-9474-1A3956D46DE8}") = "services", "services", "{BA2B8C88-E5FA-4B12-B020-CAF697F1FE4D}"
EndProject
Project("{2150E333-8FDC-42A3-9474-1A3956D46DE8}") = "administration", "administration", "{4E08650A-7729-4A49-9769-1500B43884D1}"
EndProject
Project("{2150E333-8FDC-42A3-9474-1A3956D46DE8}") = "host", "host", "{02817B17-0DD7-46AF-B73F-1D1A38436AA6}"
EndProject
Project("{9A19103F-16F7-4668-BE54-9A1E7A4F7556}") = "ONE.AdministrationService.HttpApi.Host", "services\administration\host\ONE.AdministrationService.HttpApi.Host\ONE.AdministrationService.HttpApi.Host.csproj", "{2DED444F-6CCB-425B-80FF-0AFB4C417F6A}"
EndProject
Project("{2150E333-8FDC-42A3-9474-1A3956D46DE8}") = "src", "src", "{E3D39910-105B-410A-9B53-654F18648575}"
EndProject
Project("{9A19103F-16F7-4668-BE54-9A1E7A4F7556}") = "ONE.AdministrationService.Application", "services\administration\src\ONE.AdministrationService.Application\ONE.AdministrationService.Application.csproj", "{7D5FFA45-42D7-46FF-8867-869B3EA0F48E}"
EndProject
Project("{9A19103F-16F7-4668-BE54-9A1E7A4F7556}") = "ONE.AdministrationService.Application.Contracts", "services\administration\src\ONE.AdministrationService.Application.Contracts\ONE.AdministrationService.Application.Contracts.csproj", "{CAC77469-DF01-492E-B9D2-2D8CEBB77E44}"
EndProject
Project("{9A19103F-16F7-4668-BE54-9A1E7A4F7556}") = "ONE.AdministrationService.Domain", "services\administration\src\ONE.AdministrationService.Domain\ONE.AdministrationService.Domain.csproj", "{D3A48729-6F2C-4401-BF58-8228E5F2CD7D}"
EndProject
Project("{9A19103F-16F7-4668-BE54-9A1E7A4F7556}") = "ONE.AdministrationService.Domain.Shared", "services\administration\src\ONE.AdministrationService.Domain.Shared\ONE.AdministrationService.Domain.Shared.csproj", "{8E0AC113-73B5-41EB-AD22-A693127A5DE1}"
EndProject
Project("{9A19103F-16F7-4668-BE54-9A1E7A4F7556}") = "ONE.AdministrationService.EntityFrameworkCore", "services\administration\src\ONE.AdministrationService.EntityFrameworkCore\ONE.AdministrationService.EntityFrameworkCore.csproj", "{14895404-17BA-4D49-B635-F9E4DBDA9C2A}"
EndProject
Project("{9A19103F-16F7-4668-BE54-9A1E7A4F7556}") = "ONE.AdministrationService.HttpApi", "services\administration\src\ONE.AdministrationService.HttpApi\ONE.AdministrationService.HttpApi.csproj", "{C8F56823-C4D0-4220-8B00-9F7E45FDB195}"
EndProject
Project("{9A19103F-16F7-4668-BE54-9A1E7A4F7556}") = "ONE.AdministrationService.HttpApi.Client", "services\administration\src\ONE.AdministrationService.HttpApi.Client\ONE.AdministrationService.HttpApi.Client.csproj", "{53428415-2C73-4C82-9BCF-3885050B1348}"
EndProject
Project("{2150E333-8FDC-42A3-9474-1A3956D46DE8}") = "test", "test", "{9AE705B7-A420-452E-A00B-DCBDBB388998}"
EndProject
Project("{9A19103F-16F7-4668-BE54-9A1E7A4F7556}") = "ONE.AdministrationService.Application.Tests", "services\administration\test\ONE.AdministrationService.Application.Tests\ONE.AdministrationService.Application.Tests.csproj", "{56624229-31C3-4CCF-9888-2AA724DA6140}"
EndProject
Project("{9A19103F-16F7-4668-BE54-9A1E7A4F7556}") = "ONE.AdministrationService.Domain.Tests", "services\administration\test\ONE.AdministrationService.Domain.Tests\ONE.AdministrationService.Domain.Tests.csproj", "{0236077A-4A2A-44F4-B1BD-1EB83B04820F}"
EndProject
Project("{9A19103F-16F7-4668-BE54-9A1E7A4F7556}") = "ONE.AdministrationService.EntityFrameworkCore.Tests", "services\administration\test\ONE.AdministrationService.EntityFrameworkCore.Tests\ONE.AdministrationService.EntityFrameworkCore.Tests.csproj", "{EFDD08DC-600E-4959-A85C-C6BD0C149851}"
EndProject
Project("{9A19103F-16F7-4668-BE54-9A1E7A4F7556}") = "ONE.AdministrationService.HttpApi.Client.ConsoleTestApp", "services\administration\test\ONE.AdministrationService.HttpApi.Client.ConsoleTestApp\ONE.AdministrationService.HttpApi.Client.ConsoleTestApp.csproj", "{976E944D-05D7-4BCD-9149-D5889764CBB4}"
EndProject
Project("{9A19103F-16F7-4668-BE54-9A1E7A4F7556}") = "ONE.AdministrationService.TestBase", "services\administration\test\ONE.AdministrationService.TestBase\ONE.AdministrationService.TestBase.csproj", "{E54B009D-689C-451B-B619-C9573B3E4F31}"
EndProject
Project("{2150E333-8FDC-42A3-9474-1A3956D46DE8}") = "identity", "identity", "{AA147DC8-8F2E-4E68-8934-E099A26C7B06}"
EndProject
Project("{2150E333-8FDC-42A3-9474-1A3956D46DE8}") = "host", "host", "{23432644-FB21-4AC0-8D78-D6F1B136A85E}"
EndProject
Project("{9A19103F-16F7-4668-BE54-9A1E7A4F7556}") = "ONE.IdentityService.HttpApi.Host", "services\identity\host\ONE.IdentityService.HttpApi.Host\ONE.IdentityService.HttpApi.Host.csproj", "{C3029D4E-DFAA-4312-94D8-1B4BF330AE26}"
EndProject
Project("{2150E333-8FDC-42A3-9474-1A3956D46DE8}") = "src", "src", "{154F6851-7692-44E3-9E9B-859B535B7FB9}"
EndProject
Project("{9A19103F-16F7-4668-BE54-9A1E7A4F7556}") = "ONE.IdentityService.Application", "services\identity\src\ONE.IdentityService.Application\ONE.IdentityService.Application.csproj", "{4EA13F82-D72E-4258-BC6D-964AB59EA668}"
EndProject
Project("{9A19103F-16F7-4668-BE54-9A1E7A4F7556}") = "ONE.IdentityService.Application.Contracts", "services\identity\src\ONE.IdentityService.Application.Contracts\ONE.IdentityService.Application.Contracts.csproj", "{40C589E0-9A4F-41B2-BF2B-F190ABBAF017}"
EndProject
Project("{9A19103F-16F7-4668-BE54-9A1E7A4F7556}") = "ONE.IdentityService.Domain", "services\identity\src\ONE.IdentityService.Domain\ONE.IdentityService.Domain.csproj", "{0FFA0602-FE08-404C-8C27-B4D4D68E1F14}"
EndProject
Project("{9A19103F-16F7-4668-BE54-9A1E7A4F7556}") = "ONE.IdentityService.Domain.Shared", "services\identity\src\ONE.IdentityService.Domain.Shared\ONE.IdentityService.Domain.Shared.csproj", "{E922D498-44D8-468C-93A3-007DCC1EC45C}"
EndProject
Project("{9A19103F-16F7-4668-BE54-9A1E7A4F7556}") = "ONE.IdentityService.EntityFrameworkCore", "services\identity\src\ONE.IdentityService.EntityFrameworkCore\ONE.IdentityService.EntityFrameworkCore.csproj", "{5E0790A6-1A9F-46F9-9C15-AEB09AC164EF}"
EndProject
Project("{9A19103F-16F7-4668-BE54-9A1E7A4F7556}") = "ONE.IdentityService.HttpApi", "services\identity\src\ONE.IdentityService.HttpApi\ONE.IdentityService.HttpApi.csproj", "{54C47DE2-AADC-4580-B02D-3F16DCCECBA0}"
EndProject
Project("{9A19103F-16F7-4668-BE54-9A1E7A4F7556}") = "ONE.IdentityService.HttpApi.Client", "services\identity\src\ONE.IdentityService.HttpApi.Client\ONE.IdentityService.HttpApi.Client.csproj", "{75E2C606-9EE2-486D-A8F9-2720D2567CD0}"
EndProject
Project("{2150E333-8FDC-42A3-9474-1A3956D46DE8}") = "test", "test", "{05D4F915-96F7-48AB-B678-49022B963228}"
EndProject
Project("{9A19103F-16F7-4668-BE54-9A1E7A4F7556}") = "ONE.IdentityService.Application.Tests", "services\identity\test\ONE.IdentityService.Application.Tests\ONE.IdentityService.Application.Tests.csproj", "{58274366-3447-49FF-9B6A-4BE65A9F37F1}"
EndProject
Project("{9A19103F-16F7-4668-BE54-9A1E7A4F7556}") = "ONE.IdentityService.Domain.Tests", "services\identity\test\ONE.IdentityService.Domain.Tests\ONE.IdentityService.Domain.Tests.csproj", "{13F1DDB0-24F0-4395-AD61-7F6049423D15}"
EndProject
Project("{9A19103F-16F7-4668-BE54-9A1E7A4F7556}") = "ONE.IdentityService.EntityFrameworkCore.Tests", "services\identity\test\ONE.IdentityService.EntityFrameworkCore.Tests\ONE.IdentityService.EntityFrameworkCore.Tests.csproj", "{C64F3F10-03F2-4297-9899-26D800C24F09}"
EndProject
Project("{9A19103F-16F7-4668-BE54-9A1E7A4F7556}") = "ONE.IdentityService.HttpApi.Client.ConsoleTestApp", "services\identity\test\ONE.IdentityService.HttpApi.Client.ConsoleTestApp\ONE.IdentityService.HttpApi.Client.ConsoleTestApp.csproj", "{F9765A09-E452-4595-B890-BCEC038D0E81}"
EndProject
Project("{9A19103F-16F7-4668-BE54-9A1E7A4F7556}") = "ONE.IdentityService.TestBase", "services\identity\test\ONE.IdentityService.TestBase\ONE.IdentityService.TestBase.csproj", "{87C47108-7FA4-49B8-99C6-2756EC1FFE90}"
EndProject
Project("{2150E333-8FDC-42A3-9474-1A3956D46DE8}") = "saas", "saas", "{80CCBD57-3D9C-4218-AE9B-FC433C6405E5}"
EndProject
Project("{2150E333-8FDC-42A3-9474-1A3956D46DE8}") = "host", "host", "{AE57FE80-779C-4353-9612-776883E6E057}"
EndProject
Project("{9A19103F-16F7-4668-BE54-9A1E7A4F7556}") = "ONE.SaaSService.HttpApi.Host", "services\saas\host\ONE.SaaSService.HttpApi.Host\ONE.SaaSService.HttpApi.Host.csproj", "{82AA22AD-BD81-42E2-BF0C-969992381628}"
EndProject
Project("{2150E333-8FDC-42A3-9474-1A3956D46DE8}") = "src", "src", "{969479E2-FE7B-44F5-BA2D-91276D810A52}"
EndProject
Project("{9A19103F-16F7-4668-BE54-9A1E7A4F7556}") = "ONE.SaaSService.Application", "services\saas\src\ONE.SaaSService.Application\ONE.SaaSService.Application.csproj", "{0230FC2E-B578-467F-8FF2-7D5A7F50FD5F}"
EndProject
Project("{9A19103F-16F7-4668-BE54-9A1E7A4F7556}") = "ONE.SaaSService.Application.Contracts", "services\saas\src\ONE.SaaSService.Application.Contracts\ONE.SaaSService.Application.Contracts.csproj", "{DA1116AC-EF6C-4A94-9C14-061DEE232EB8}"
EndProject
Project("{9A19103F-16F7-4668-BE54-9A1E7A4F7556}") = "ONE.SaaSService.Domain", "services\saas\src\ONE.SaaSService.Domain\ONE.SaaSService.Domain.csproj", "{31812E7B-797D-4081-B35D-B26D7A0F1157}"
EndProject
Project("{9A19103F-16F7-4668-BE54-9A1E7A4F7556}") = "ONE.SaaSService.Domain.Shared", "services\saas\src\ONE.SaaSService.Domain.Shared\ONE.SaaSService.Domain.Shared.csproj", "{59EB2204-C713-409C-BCC6-8CCBDF5A2CBE}"
EndProject
Project("{9A19103F-16F7-4668-BE54-9A1E7A4F7556}") = "ONE.SaaSService.EntityFrameworkCore", "services\saas\src\ONE.SaaSService.EntityFrameworkCore\ONE.SaaSService.EntityFrameworkCore.csproj", "{34B0BFBE-944A-47DB-A575-FA1C176B9266}"
EndProject
Project("{9A19103F-16F7-4668-BE54-9A1E7A4F7556}") = "ONE.SaaSService.HttpApi", "services\saas\src\ONE.SaaSService.HttpApi\ONE.SaaSService.HttpApi.csproj", "{620E43E9-6CB0-45CA-8344-E38005D1737E}"
EndProject
Project("{9A19103F-16F7-4668-BE54-9A1E7A4F7556}") = "ONE.SaaSService.HttpApi.Client", "services\saas\src\ONE.SaaSService.HttpApi.Client\ONE.SaaSService.HttpApi.Client.csproj", "{903CBF5F-B9B3-4BF3-92BC-CA71E0F02148}"
EndProject
Project("{2150E333-8FDC-42A3-9474-1A3956D46DE8}") = "test", "test", "{0D0C90CC-1909-4717-8C0D-05371540AA7E}"
EndProject
Project("{9A19103F-16F7-4668-BE54-9A1E7A4F7556}") = "ONE.SaaSService.Application.Tests", "services\saas\test\ONE.SaaSService.Application.Tests\ONE.SaaSService.Application.Tests.csproj", "{0C6EBCB8-FC03-4635-B399-13D4B5964FAA}"
EndProject
Project("{9A19103F-16F7-4668-BE54-9A1E7A4F7556}") = "ONE.SaaSService.Domain.Tests", "services\saas\test\ONE.SaaSService.Domain.Tests\ONE.SaaSService.Domain.Tests.csproj", "{2B328B48-3703-48B3-94BB-90ADE812371D}"
EndProject
Project("{9A19103F-16F7-4668-BE54-9A1E7A4F7556}") = "ONE.SaaSService.EntityFrameworkCore.Tests", "services\saas\test\ONE.SaaSService.EntityFrameworkCore.Tests\ONE.SaaSService.EntityFrameworkCore.Tests.csproj", "{5F18C2F1-D895-4EA4-BACB-EF668080DC03}"
EndProject
Project("{9A19103F-16F7-4668-BE54-9A1E7A4F7556}") = "ONE.SaaSService.HttpApi.Client.ConsoleTestApp", "services\saas\test\ONE.SaaSService.HttpApi.Client.ConsoleTestApp\ONE.SaaSService.HttpApi.Client.ConsoleTestApp.csproj", "{BD567DF7-8429-4475-A1BC-F6CC449EBE9E}"
EndProject
Project("{9A19103F-16F7-4668-BE54-9A1E7A4F7556}") = "ONE.SaaSService.TestBase", "services\saas\test\ONE.SaaSService.TestBase\ONE.SaaSService.TestBase.csproj", "{A30C9E1B-11B9-4ACE-A9ED-3D8580BE847D}"
EndProject
Project("{2150E333-8FDC-42A3-9474-1A3956D46DE8}") = "shared", "shared", "{25CD0E53-0CBA-4C4F-945C-E2B19B1D19C0}"
EndProject
Project("{9A19103F-16F7-4668-BE54-9A1E7A4F7556}") = "ONE.DbMigrator", "shared\ONE.DbMigrator\ONE.DbMigrator.csproj", "{686B026E-2781-4A29-93C5-5E0C2CEB8314}"
EndProject
Project("{9A19103F-16F7-4668-BE54-9A1E7A4F7556}") = "ONE.Shared.Hosting", "shared\ONE.Shared.Hosting\ONE.Shared.Hosting.csproj", "{AC866E18-1BFD-4731-B628-43F62762C6EC}"
EndProject
Project("{2150E333-8FDC-42A3-9474-1A3956D46DE8}") = "Solution Items", "Solution Items", "{EB3EDD35-9927-4152-B235-93EC5F6C61DE}"
	ProjectSection(SolutionItems) = preProject
		service.ps1 = service.ps1
		tye.yaml = tye.yaml
	EndProjectSection
EndProject
Project("{9A19103F-16F7-4668-BE54-9A1E7A4F7556}") = "ONE.IdentityServer", "apps\ONE.IdentityServer\One.IdentityServer\ONE.IdentityServer.csproj", "{DC408135-9012-484C-99DE-4F291F9C374E}"
EndProject
Project("{9A19103F-16F7-4668-BE54-9A1E7A4F7556}") = "ONE.Microservice.Shared", "shared\ONE.Microservice.Shared\ONE.Microservice.Shared.csproj", "{67D52D2A-310C-4D11-A47F-82C1ACCF551C}"
EndProject
Project("{2150E333-8FDC-42A3-9474-1A3956D46DE8}") = "payment", "payment", "{2AF5E6A9-0548-4DE8-B43A-8F0BF787AFFD}"
EndProject
Project("{2150E333-8FDC-42A3-9474-1A3956D46DE8}") = "host", "host", "{2947B5C8-4C20-4DE7-8EDA-FBE9C17F228D}"
EndProject
Project("{9A19103F-16F7-4668-BE54-9A1E7A4F7556}") = "ONE.PaymentService.HttpApi.Host", "services\payment\host\ONE.PaymentService.HttpApi.Host\ONE.PaymentService.HttpApi.Host.csproj", "{10D035B8-84B6-4EA9-BD27-0A7C108901A2}"
EndProject
Project("{2150E333-8FDC-42A3-9474-1A3956D46DE8}") = "src", "src", "{23E17835-4225-4518-B863-72DB0FECC607}"
EndProject
Project("{9A19103F-16F7-4668-BE54-9A1E7A4F7556}") = "ONE.PaymentService.Application", "services\payment\src\ONE.PaymentService.Application\ONE.PaymentService.Application.csproj", "{4B6EC2AC-0BF5-4F90-A6E2-1BF236F98417}"
EndProject
Project("{9A19103F-16F7-4668-BE54-9A1E7A4F7556}") = "ONE.PaymentService.Application.Contracts", "services\payment\src\ONE.PaymentService.Application.Contracts\ONE.PaymentService.Application.Contracts.csproj", "{82BC1A1C-7C5F-4D09-805C-BC46EB576F62}"
EndProject
Project("{9A19103F-16F7-4668-BE54-9A1E7A4F7556}") = "ONE.PaymentService.Domain", "services\payment\src\ONE.PaymentService.Domain\ONE.PaymentService.Domain.csproj", "{A3089E80-D7EE-4A08-9FF0-6FD5A4918BC7}"
EndProject
Project("{9A19103F-16F7-4668-BE54-9A1E7A4F7556}") = "ONE.PaymentService.Domain.Shared", "services\payment\src\ONE.PaymentService.Domain.Shared\ONE.PaymentService.Domain.Shared.csproj", "{70A30C4F-2DB4-4701-873C-FA3AC050177C}"
EndProject
Project("{9A19103F-16F7-4668-BE54-9A1E7A4F7556}") = "ONE.PaymentService.EntityFrameworkCore", "services\payment\src\ONE.PaymentService.EntityFrameworkCore\ONE.PaymentService.EntityFrameworkCore.csproj", "{62A633C9-D45E-48FB-8DE9-CA58F524E14D}"
EndProject
Project("{9A19103F-16F7-4668-BE54-9A1E7A4F7556}") = "ONE.PaymentService.HttpApi", "services\payment\src\ONE.PaymentService.HttpApi\ONE.PaymentService.HttpApi.csproj", "{0E5F4748-DE1E-485D-B343-263AE8AE4556}"
EndProject
Project("{9A19103F-16F7-4668-BE54-9A1E7A4F7556}") = "ONE.PaymentService.HttpApi.Client", "services\payment\src\ONE.PaymentService.HttpApi.Client\ONE.PaymentService.HttpApi.Client.csproj", "{2C2B3DD2-56BD-4A94-9DB3-7F80B30758F0}"
EndProject
Project("{2150E333-8FDC-42A3-9474-1A3956D46DE8}") = "test", "test", "{D360BCD6-9995-4D9E-83AB-AA40CB377B34}"
EndProject
Project("{9A19103F-16F7-4668-BE54-9A1E7A4F7556}") = "ONE.PaymentService.Application.Tests", "services\payment\test\ONE.PaymentService.Application.Tests\ONE.PaymentService.Application.Tests.csproj", "{617DE414-3151-4EE4-AEF3-10C85CBDDE1B}"
EndProject
Project("{9A19103F-16F7-4668-BE54-9A1E7A4F7556}") = "ONE.PaymentService.Domain.Tests", "services\payment\test\ONE.PaymentService.Domain.Tests\ONE.PaymentService.Domain.Tests.csproj", "{567BC529-9CC3-4D42-968A-7BC6B87A6A3C}"
EndProject
Project("{9A19103F-16F7-4668-BE54-9A1E7A4F7556}") = "ONE.PaymentService.EntityFrameworkCore.Tests", "services\payment\test\ONE.PaymentService.EntityFrameworkCore.Tests\ONE.PaymentService.EntityFrameworkCore.Tests.csproj", "{50A0A6E0-A183-41A1-9A05-EB9B091B1D29}"
EndProject
Project("{9A19103F-16F7-4668-BE54-9A1E7A4F7556}") = "ONE.PaymentService.HttpApi.Client.ConsoleTestApp", "services\payment\test\ONE.PaymentService.HttpApi.Client.ConsoleTestApp\ONE.PaymentService.HttpApi.Client.ConsoleTestApp.csproj", "{AB74397C-31B0-4A47-9DFA-B60C7E159E83}"
EndProject
Project("{9A19103F-16F7-4668-BE54-9A1E7A4F7556}") = "ONE.PaymentService.TestBase", "services\payment\test\ONE.PaymentService.TestBase\ONE.PaymentService.TestBase.csproj", "{F37F9E12-FBDD-4426-917C-241618134C3F}"
EndProject
Global
	GlobalSection(SolutionConfigurationPlatforms) = preSolution
		Debug|Any CPU = Debug|Any CPU
		Release|Any CPU = Release|Any CPU
	EndGlobalSection
	GlobalSection(ProjectConfigurationPlatforms) = postSolution
		{EA1EAB00-86A6-4C32-B8CC-5DCC18B3E2B6}.Debug|Any CPU.ActiveCfg = Debug|Any CPU
		{EA1EAB00-86A6-4C32-B8CC-5DCC18B3E2B6}.Debug|Any CPU.Build.0 = Debug|Any CPU
		{EA1EAB00-86A6-4C32-B8CC-5DCC18B3E2B6}.Release|Any CPU.ActiveCfg = Release|Any CPU
		{EA1EAB00-86A6-4C32-B8CC-5DCC18B3E2B6}.Release|Any CPU.Build.0 = Release|Any CPU
		{2DED444F-6CCB-425B-80FF-0AFB4C417F6A}.Debug|Any CPU.ActiveCfg = Debug|Any CPU
		{2DED444F-6CCB-425B-80FF-0AFB4C417F6A}.Debug|Any CPU.Build.0 = Debug|Any CPU
		{2DED444F-6CCB-425B-80FF-0AFB4C417F6A}.Release|Any CPU.ActiveCfg = Release|Any CPU
		{2DED444F-6CCB-425B-80FF-0AFB4C417F6A}.Release|Any CPU.Build.0 = Release|Any CPU
		{7D5FFA45-42D7-46FF-8867-869B3EA0F48E}.Debug|Any CPU.ActiveCfg = Debug|Any CPU
		{7D5FFA45-42D7-46FF-8867-869B3EA0F48E}.Debug|Any CPU.Build.0 = Debug|Any CPU
		{7D5FFA45-42D7-46FF-8867-869B3EA0F48E}.Release|Any CPU.ActiveCfg = Release|Any CPU
		{7D5FFA45-42D7-46FF-8867-869B3EA0F48E}.Release|Any CPU.Build.0 = Release|Any CPU
		{CAC77469-DF01-492E-B9D2-2D8CEBB77E44}.Debug|Any CPU.ActiveCfg = Debug|Any CPU
		{CAC77469-DF01-492E-B9D2-2D8CEBB77E44}.Debug|Any CPU.Build.0 = Debug|Any CPU
		{CAC77469-DF01-492E-B9D2-2D8CEBB77E44}.Release|Any CPU.ActiveCfg = Release|Any CPU
		{CAC77469-DF01-492E-B9D2-2D8CEBB77E44}.Release|Any CPU.Build.0 = Release|Any CPU
		{D3A48729-6F2C-4401-BF58-8228E5F2CD7D}.Debug|Any CPU.ActiveCfg = Debug|Any CPU
		{D3A48729-6F2C-4401-BF58-8228E5F2CD7D}.Debug|Any CPU.Build.0 = Debug|Any CPU
		{D3A48729-6F2C-4401-BF58-8228E5F2CD7D}.Release|Any CPU.ActiveCfg = Release|Any CPU
		{D3A48729-6F2C-4401-BF58-8228E5F2CD7D}.Release|Any CPU.Build.0 = Release|Any CPU
		{8E0AC113-73B5-41EB-AD22-A693127A5DE1}.Debug|Any CPU.ActiveCfg = Debug|Any CPU
		{8E0AC113-73B5-41EB-AD22-A693127A5DE1}.Debug|Any CPU.Build.0 = Debug|Any CPU
		{8E0AC113-73B5-41EB-AD22-A693127A5DE1}.Release|Any CPU.ActiveCfg = Release|Any CPU
		{8E0AC113-73B5-41EB-AD22-A693127A5DE1}.Release|Any CPU.Build.0 = Release|Any CPU
		{14895404-17BA-4D49-B635-F9E4DBDA9C2A}.Debug|Any CPU.ActiveCfg = Debug|Any CPU
		{14895404-17BA-4D49-B635-F9E4DBDA9C2A}.Debug|Any CPU.Build.0 = Debug|Any CPU
		{14895404-17BA-4D49-B635-F9E4DBDA9C2A}.Release|Any CPU.ActiveCfg = Release|Any CPU
		{14895404-17BA-4D49-B635-F9E4DBDA9C2A}.Release|Any CPU.Build.0 = Release|Any CPU
		{C8F56823-C4D0-4220-8B00-9F7E45FDB195}.Debug|Any CPU.ActiveCfg = Debug|Any CPU
		{C8F56823-C4D0-4220-8B00-9F7E45FDB195}.Debug|Any CPU.Build.0 = Debug|Any CPU
		{C8F56823-C4D0-4220-8B00-9F7E45FDB195}.Release|Any CPU.ActiveCfg = Release|Any CPU
		{C8F56823-C4D0-4220-8B00-9F7E45FDB195}.Release|Any CPU.Build.0 = Release|Any CPU
		{53428415-2C73-4C82-9BCF-3885050B1348}.Debug|Any CPU.ActiveCfg = Debug|Any CPU
		{53428415-2C73-4C82-9BCF-3885050B1348}.Debug|Any CPU.Build.0 = Debug|Any CPU
		{53428415-2C73-4C82-9BCF-3885050B1348}.Release|Any CPU.ActiveCfg = Release|Any CPU
		{53428415-2C73-4C82-9BCF-3885050B1348}.Release|Any CPU.Build.0 = Release|Any CPU
		{56624229-31C3-4CCF-9888-2AA724DA6140}.Debug|Any CPU.ActiveCfg = Debug|Any CPU
		{56624229-31C3-4CCF-9888-2AA724DA6140}.Debug|Any CPU.Build.0 = Debug|Any CPU
		{56624229-31C3-4CCF-9888-2AA724DA6140}.Release|Any CPU.ActiveCfg = Release|Any CPU
		{56624229-31C3-4CCF-9888-2AA724DA6140}.Release|Any CPU.Build.0 = Release|Any CPU
		{0236077A-4A2A-44F4-B1BD-1EB83B04820F}.Debug|Any CPU.ActiveCfg = Debug|Any CPU
		{0236077A-4A2A-44F4-B1BD-1EB83B04820F}.Debug|Any CPU.Build.0 = Debug|Any CPU
		{0236077A-4A2A-44F4-B1BD-1EB83B04820F}.Release|Any CPU.ActiveCfg = Release|Any CPU
		{0236077A-4A2A-44F4-B1BD-1EB83B04820F}.Release|Any CPU.Build.0 = Release|Any CPU
		{EFDD08DC-600E-4959-A85C-C6BD0C149851}.Debug|Any CPU.ActiveCfg = Debug|Any CPU
		{EFDD08DC-600E-4959-A85C-C6BD0C149851}.Debug|Any CPU.Build.0 = Debug|Any CPU
		{EFDD08DC-600E-4959-A85C-C6BD0C149851}.Release|Any CPU.ActiveCfg = Release|Any CPU
		{EFDD08DC-600E-4959-A85C-C6BD0C149851}.Release|Any CPU.Build.0 = Release|Any CPU
		{976E944D-05D7-4BCD-9149-D5889764CBB4}.Debug|Any CPU.ActiveCfg = Debug|Any CPU
		{976E944D-05D7-4BCD-9149-D5889764CBB4}.Debug|Any CPU.Build.0 = Debug|Any CPU
		{976E944D-05D7-4BCD-9149-D5889764CBB4}.Release|Any CPU.ActiveCfg = Release|Any CPU
		{976E944D-05D7-4BCD-9149-D5889764CBB4}.Release|Any CPU.Build.0 = Release|Any CPU
		{E54B009D-689C-451B-B619-C9573B3E4F31}.Debug|Any CPU.ActiveCfg = Debug|Any CPU
		{E54B009D-689C-451B-B619-C9573B3E4F31}.Debug|Any CPU.Build.0 = Debug|Any CPU
		{E54B009D-689C-451B-B619-C9573B3E4F31}.Release|Any CPU.ActiveCfg = Release|Any CPU
		{E54B009D-689C-451B-B619-C9573B3E4F31}.Release|Any CPU.Build.0 = Release|Any CPU
		{C3029D4E-DFAA-4312-94D8-1B4BF330AE26}.Debug|Any CPU.ActiveCfg = Debug|Any CPU
		{C3029D4E-DFAA-4312-94D8-1B4BF330AE26}.Debug|Any CPU.Build.0 = Debug|Any CPU
		{C3029D4E-DFAA-4312-94D8-1B4BF330AE26}.Release|Any CPU.ActiveCfg = Release|Any CPU
		{C3029D4E-DFAA-4312-94D8-1B4BF330AE26}.Release|Any CPU.Build.0 = Release|Any CPU
		{4EA13F82-D72E-4258-BC6D-964AB59EA668}.Debug|Any CPU.ActiveCfg = Debug|Any CPU
		{4EA13F82-D72E-4258-BC6D-964AB59EA668}.Debug|Any CPU.Build.0 = Debug|Any CPU
		{4EA13F82-D72E-4258-BC6D-964AB59EA668}.Release|Any CPU.ActiveCfg = Release|Any CPU
		{4EA13F82-D72E-4258-BC6D-964AB59EA668}.Release|Any CPU.Build.0 = Release|Any CPU
		{40C589E0-9A4F-41B2-BF2B-F190ABBAF017}.Debug|Any CPU.ActiveCfg = Debug|Any CPU
		{40C589E0-9A4F-41B2-BF2B-F190ABBAF017}.Debug|Any CPU.Build.0 = Debug|Any CPU
		{40C589E0-9A4F-41B2-BF2B-F190ABBAF017}.Release|Any CPU.ActiveCfg = Release|Any CPU
		{40C589E0-9A4F-41B2-BF2B-F190ABBAF017}.Release|Any CPU.Build.0 = Release|Any CPU
		{0FFA0602-FE08-404C-8C27-B4D4D68E1F14}.Debug|Any CPU.ActiveCfg = Debug|Any CPU
		{0FFA0602-FE08-404C-8C27-B4D4D68E1F14}.Debug|Any CPU.Build.0 = Debug|Any CPU
		{0FFA0602-FE08-404C-8C27-B4D4D68E1F14}.Release|Any CPU.ActiveCfg = Release|Any CPU
		{0FFA0602-FE08-404C-8C27-B4D4D68E1F14}.Release|Any CPU.Build.0 = Release|Any CPU
		{E922D498-44D8-468C-93A3-007DCC1EC45C}.Debug|Any CPU.ActiveCfg = Debug|Any CPU
		{E922D498-44D8-468C-93A3-007DCC1EC45C}.Debug|Any CPU.Build.0 = Debug|Any CPU
		{E922D498-44D8-468C-93A3-007DCC1EC45C}.Release|Any CPU.ActiveCfg = Release|Any CPU
		{E922D498-44D8-468C-93A3-007DCC1EC45C}.Release|Any CPU.Build.0 = Release|Any CPU
		{5E0790A6-1A9F-46F9-9C15-AEB09AC164EF}.Debug|Any CPU.ActiveCfg = Debug|Any CPU
		{5E0790A6-1A9F-46F9-9C15-AEB09AC164EF}.Debug|Any CPU.Build.0 = Debug|Any CPU
		{5E0790A6-1A9F-46F9-9C15-AEB09AC164EF}.Release|Any CPU.ActiveCfg = Release|Any CPU
		{5E0790A6-1A9F-46F9-9C15-AEB09AC164EF}.Release|Any CPU.Build.0 = Release|Any CPU
		{54C47DE2-AADC-4580-B02D-3F16DCCECBA0}.Debug|Any CPU.ActiveCfg = Debug|Any CPU
		{54C47DE2-AADC-4580-B02D-3F16DCCECBA0}.Debug|Any CPU.Build.0 = Debug|Any CPU
		{54C47DE2-AADC-4580-B02D-3F16DCCECBA0}.Release|Any CPU.ActiveCfg = Release|Any CPU
		{54C47DE2-AADC-4580-B02D-3F16DCCECBA0}.Release|Any CPU.Build.0 = Release|Any CPU
		{75E2C606-9EE2-486D-A8F9-2720D2567CD0}.Debug|Any CPU.ActiveCfg = Debug|Any CPU
		{75E2C606-9EE2-486D-A8F9-2720D2567CD0}.Debug|Any CPU.Build.0 = Debug|Any CPU
		{75E2C606-9EE2-486D-A8F9-2720D2567CD0}.Release|Any CPU.ActiveCfg = Release|Any CPU
		{75E2C606-9EE2-486D-A8F9-2720D2567CD0}.Release|Any CPU.Build.0 = Release|Any CPU
		{58274366-3447-49FF-9B6A-4BE65A9F37F1}.Debug|Any CPU.ActiveCfg = Debug|Any CPU
		{58274366-3447-49FF-9B6A-4BE65A9F37F1}.Debug|Any CPU.Build.0 = Debug|Any CPU
		{58274366-3447-49FF-9B6A-4BE65A9F37F1}.Release|Any CPU.ActiveCfg = Release|Any CPU
		{58274366-3447-49FF-9B6A-4BE65A9F37F1}.Release|Any CPU.Build.0 = Release|Any CPU
		{13F1DDB0-24F0-4395-AD61-7F6049423D15}.Debug|Any CPU.ActiveCfg = Debug|Any CPU
		{13F1DDB0-24F0-4395-AD61-7F6049423D15}.Debug|Any CPU.Build.0 = Debug|Any CPU
		{13F1DDB0-24F0-4395-AD61-7F6049423D15}.Release|Any CPU.ActiveCfg = Release|Any CPU
		{13F1DDB0-24F0-4395-AD61-7F6049423D15}.Release|Any CPU.Build.0 = Release|Any CPU
		{C64F3F10-03F2-4297-9899-26D800C24F09}.Debug|Any CPU.ActiveCfg = Debug|Any CPU
		{C64F3F10-03F2-4297-9899-26D800C24F09}.Debug|Any CPU.Build.0 = Debug|Any CPU
		{C64F3F10-03F2-4297-9899-26D800C24F09}.Release|Any CPU.ActiveCfg = Release|Any CPU
		{C64F3F10-03F2-4297-9899-26D800C24F09}.Release|Any CPU.Build.0 = Release|Any CPU
		{F9765A09-E452-4595-B890-BCEC038D0E81}.Debug|Any CPU.ActiveCfg = Debug|Any CPU
		{F9765A09-E452-4595-B890-BCEC038D0E81}.Debug|Any CPU.Build.0 = Debug|Any CPU
		{F9765A09-E452-4595-B890-BCEC038D0E81}.Release|Any CPU.ActiveCfg = Release|Any CPU
		{F9765A09-E452-4595-B890-BCEC038D0E81}.Release|Any CPU.Build.0 = Release|Any CPU
		{87C47108-7FA4-49B8-99C6-2756EC1FFE90}.Debug|Any CPU.ActiveCfg = Debug|Any CPU
		{87C47108-7FA4-49B8-99C6-2756EC1FFE90}.Debug|Any CPU.Build.0 = Debug|Any CPU
		{87C47108-7FA4-49B8-99C6-2756EC1FFE90}.Release|Any CPU.ActiveCfg = Release|Any CPU
		{87C47108-7FA4-49B8-99C6-2756EC1FFE90}.Release|Any CPU.Build.0 = Release|Any CPU
		{82AA22AD-BD81-42E2-BF0C-969992381628}.Debug|Any CPU.ActiveCfg = Debug|Any CPU
		{82AA22AD-BD81-42E2-BF0C-969992381628}.Debug|Any CPU.Build.0 = Debug|Any CPU
		{82AA22AD-BD81-42E2-BF0C-969992381628}.Release|Any CPU.ActiveCfg = Release|Any CPU
		{82AA22AD-BD81-42E2-BF0C-969992381628}.Release|Any CPU.Build.0 = Release|Any CPU
		{0230FC2E-B578-467F-8FF2-7D5A7F50FD5F}.Debug|Any CPU.ActiveCfg = Debug|Any CPU
		{0230FC2E-B578-467F-8FF2-7D5A7F50FD5F}.Debug|Any CPU.Build.0 = Debug|Any CPU
		{0230FC2E-B578-467F-8FF2-7D5A7F50FD5F}.Release|Any CPU.ActiveCfg = Release|Any CPU
		{0230FC2E-B578-467F-8FF2-7D5A7F50FD5F}.Release|Any CPU.Build.0 = Release|Any CPU
		{DA1116AC-EF6C-4A94-9C14-061DEE232EB8}.Debug|Any CPU.ActiveCfg = Debug|Any CPU
		{DA1116AC-EF6C-4A94-9C14-061DEE232EB8}.Debug|Any CPU.Build.0 = Debug|Any CPU
		{DA1116AC-EF6C-4A94-9C14-061DEE232EB8}.Release|Any CPU.ActiveCfg = Release|Any CPU
		{DA1116AC-EF6C-4A94-9C14-061DEE232EB8}.Release|Any CPU.Build.0 = Release|Any CPU
		{31812E7B-797D-4081-B35D-B26D7A0F1157}.Debug|Any CPU.ActiveCfg = Debug|Any CPU
		{31812E7B-797D-4081-B35D-B26D7A0F1157}.Debug|Any CPU.Build.0 = Debug|Any CPU
		{31812E7B-797D-4081-B35D-B26D7A0F1157}.Release|Any CPU.ActiveCfg = Release|Any CPU
		{31812E7B-797D-4081-B35D-B26D7A0F1157}.Release|Any CPU.Build.0 = Release|Any CPU
		{59EB2204-C713-409C-BCC6-8CCBDF5A2CBE}.Debug|Any CPU.ActiveCfg = Debug|Any CPU
		{59EB2204-C713-409C-BCC6-8CCBDF5A2CBE}.Debug|Any CPU.Build.0 = Debug|Any CPU
		{59EB2204-C713-409C-BCC6-8CCBDF5A2CBE}.Release|Any CPU.ActiveCfg = Release|Any CPU
		{59EB2204-C713-409C-BCC6-8CCBDF5A2CBE}.Release|Any CPU.Build.0 = Release|Any CPU
		{34B0BFBE-944A-47DB-A575-FA1C176B9266}.Debug|Any CPU.ActiveCfg = Debug|Any CPU
		{34B0BFBE-944A-47DB-A575-FA1C176B9266}.Debug|Any CPU.Build.0 = Debug|Any CPU
		{34B0BFBE-944A-47DB-A575-FA1C176B9266}.Release|Any CPU.ActiveCfg = Release|Any CPU
		{34B0BFBE-944A-47DB-A575-FA1C176B9266}.Release|Any CPU.Build.0 = Release|Any CPU
		{620E43E9-6CB0-45CA-8344-E38005D1737E}.Debug|Any CPU.ActiveCfg = Debug|Any CPU
		{620E43E9-6CB0-45CA-8344-E38005D1737E}.Debug|Any CPU.Build.0 = Debug|Any CPU
		{620E43E9-6CB0-45CA-8344-E38005D1737E}.Release|Any CPU.ActiveCfg = Release|Any CPU
		{620E43E9-6CB0-45CA-8344-E38005D1737E}.Release|Any CPU.Build.0 = Release|Any CPU
		{903CBF5F-B9B3-4BF3-92BC-CA71E0F02148}.Debug|Any CPU.ActiveCfg = Debug|Any CPU
		{903CBF5F-B9B3-4BF3-92BC-CA71E0F02148}.Debug|Any CPU.Build.0 = Debug|Any CPU
		{903CBF5F-B9B3-4BF3-92BC-CA71E0F02148}.Release|Any CPU.ActiveCfg = Release|Any CPU
		{903CBF5F-B9B3-4BF3-92BC-CA71E0F02148}.Release|Any CPU.Build.0 = Release|Any CPU
		{0C6EBCB8-FC03-4635-B399-13D4B5964FAA}.Debug|Any CPU.ActiveCfg = Debug|Any CPU
		{0C6EBCB8-FC03-4635-B399-13D4B5964FAA}.Debug|Any CPU.Build.0 = Debug|Any CPU
		{0C6EBCB8-FC03-4635-B399-13D4B5964FAA}.Release|Any CPU.ActiveCfg = Release|Any CPU
		{0C6EBCB8-FC03-4635-B399-13D4B5964FAA}.Release|Any CPU.Build.0 = Release|Any CPU
		{2B328B48-3703-48B3-94BB-90ADE812371D}.Debug|Any CPU.ActiveCfg = Debug|Any CPU
		{2B328B48-3703-48B3-94BB-90ADE812371D}.Debug|Any CPU.Build.0 = Debug|Any CPU
		{2B328B48-3703-48B3-94BB-90ADE812371D}.Release|Any CPU.ActiveCfg = Release|Any CPU
		{2B328B48-3703-48B3-94BB-90ADE812371D}.Release|Any CPU.Build.0 = Release|Any CPU
		{5F18C2F1-D895-4EA4-BACB-EF668080DC03}.Debug|Any CPU.ActiveCfg = Debug|Any CPU
		{5F18C2F1-D895-4EA4-BACB-EF668080DC03}.Debug|Any CPU.Build.0 = Debug|Any CPU
		{5F18C2F1-D895-4EA4-BACB-EF668080DC03}.Release|Any CPU.ActiveCfg = Release|Any CPU
		{5F18C2F1-D895-4EA4-BACB-EF668080DC03}.Release|Any CPU.Build.0 = Release|Any CPU
		{BD567DF7-8429-4475-A1BC-F6CC449EBE9E}.Debug|Any CPU.ActiveCfg = Debug|Any CPU
		{BD567DF7-8429-4475-A1BC-F6CC449EBE9E}.Debug|Any CPU.Build.0 = Debug|Any CPU
		{BD567DF7-8429-4475-A1BC-F6CC449EBE9E}.Release|Any CPU.ActiveCfg = Release|Any CPU
		{BD567DF7-8429-4475-A1BC-F6CC449EBE9E}.Release|Any CPU.Build.0 = Release|Any CPU
		{A30C9E1B-11B9-4ACE-A9ED-3D8580BE847D}.Debug|Any CPU.ActiveCfg = Debug|Any CPU
		{A30C9E1B-11B9-4ACE-A9ED-3D8580BE847D}.Debug|Any CPU.Build.0 = Debug|Any CPU
		{A30C9E1B-11B9-4ACE-A9ED-3D8580BE847D}.Release|Any CPU.ActiveCfg = Release|Any CPU
		{A30C9E1B-11B9-4ACE-A9ED-3D8580BE847D}.Release|Any CPU.Build.0 = Release|Any CPU
		{686B026E-2781-4A29-93C5-5E0C2CEB8314}.Debug|Any CPU.ActiveCfg = Debug|Any CPU
		{686B026E-2781-4A29-93C5-5E0C2CEB8314}.Debug|Any CPU.Build.0 = Debug|Any CPU
		{686B026E-2781-4A29-93C5-5E0C2CEB8314}.Release|Any CPU.ActiveCfg = Release|Any CPU
		{686B026E-2781-4A29-93C5-5E0C2CEB8314}.Release|Any CPU.Build.0 = Release|Any CPU
		{AC866E18-1BFD-4731-B628-43F62762C6EC}.Debug|Any CPU.ActiveCfg = Debug|Any CPU
		{AC866E18-1BFD-4731-B628-43F62762C6EC}.Debug|Any CPU.Build.0 = Debug|Any CPU
		{AC866E18-1BFD-4731-B628-43F62762C6EC}.Release|Any CPU.ActiveCfg = Release|Any CPU
		{AC866E18-1BFD-4731-B628-43F62762C6EC}.Release|Any CPU.Build.0 = Release|Any CPU
		{DC408135-9012-484C-99DE-4F291F9C374E}.Debug|Any CPU.ActiveCfg = Debug|Any CPU
		{DC408135-9012-484C-99DE-4F291F9C374E}.Debug|Any CPU.Build.0 = Debug|Any CPU
		{DC408135-9012-484C-99DE-4F291F9C374E}.Release|Any CPU.ActiveCfg = Release|Any CPU
		{DC408135-9012-484C-99DE-4F291F9C374E}.Release|Any CPU.Build.0 = Release|Any CPU
		{67D52D2A-310C-4D11-A47F-82C1ACCF551C}.Debug|Any CPU.ActiveCfg = Debug|Any CPU
		{67D52D2A-310C-4D11-A47F-82C1ACCF551C}.Debug|Any CPU.Build.0 = Debug|Any CPU
		{67D52D2A-310C-4D11-A47F-82C1ACCF551C}.Release|Any CPU.ActiveCfg = Release|Any CPU
		{67D52D2A-310C-4D11-A47F-82C1ACCF551C}.Release|Any CPU.Build.0 = Release|Any CPU
		{10D035B8-84B6-4EA9-BD27-0A7C108901A2}.Debug|Any CPU.ActiveCfg = Debug|Any CPU
		{10D035B8-84B6-4EA9-BD27-0A7C108901A2}.Debug|Any CPU.Build.0 = Debug|Any CPU
		{10D035B8-84B6-4EA9-BD27-0A7C108901A2}.Release|Any CPU.ActiveCfg = Release|Any CPU
		{10D035B8-84B6-4EA9-BD27-0A7C108901A2}.Release|Any CPU.Build.0 = Release|Any CPU
		{4B6EC2AC-0BF5-4F90-A6E2-1BF236F98417}.Debug|Any CPU.ActiveCfg = Debug|Any CPU
		{4B6EC2AC-0BF5-4F90-A6E2-1BF236F98417}.Debug|Any CPU.Build.0 = Debug|Any CPU
		{4B6EC2AC-0BF5-4F90-A6E2-1BF236F98417}.Release|Any CPU.ActiveCfg = Release|Any CPU
		{4B6EC2AC-0BF5-4F90-A6E2-1BF236F98417}.Release|Any CPU.Build.0 = Release|Any CPU
		{82BC1A1C-7C5F-4D09-805C-BC46EB576F62}.Debug|Any CPU.ActiveCfg = Debug|Any CPU
		{82BC1A1C-7C5F-4D09-805C-BC46EB576F62}.Debug|Any CPU.Build.0 = Debug|Any CPU
		{82BC1A1C-7C5F-4D09-805C-BC46EB576F62}.Release|Any CPU.ActiveCfg = Release|Any CPU
		{82BC1A1C-7C5F-4D09-805C-BC46EB576F62}.Release|Any CPU.Build.0 = Release|Any CPU
		{A3089E80-D7EE-4A08-9FF0-6FD5A4918BC7}.Debug|Any CPU.ActiveCfg = Debug|Any CPU
		{A3089E80-D7EE-4A08-9FF0-6FD5A4918BC7}.Debug|Any CPU.Build.0 = Debug|Any CPU
		{A3089E80-D7EE-4A08-9FF0-6FD5A4918BC7}.Release|Any CPU.ActiveCfg = Release|Any CPU
		{A3089E80-D7EE-4A08-9FF0-6FD5A4918BC7}.Release|Any CPU.Build.0 = Release|Any CPU
		{70A30C4F-2DB4-4701-873C-FA3AC050177C}.Debug|Any CPU.ActiveCfg = Debug|Any CPU
		{70A30C4F-2DB4-4701-873C-FA3AC050177C}.Debug|Any CPU.Build.0 = Debug|Any CPU
		{70A30C4F-2DB4-4701-873C-FA3AC050177C}.Release|Any CPU.ActiveCfg = Release|Any CPU
		{70A30C4F-2DB4-4701-873C-FA3AC050177C}.Release|Any CPU.Build.0 = Release|Any CPU
		{62A633C9-D45E-48FB-8DE9-CA58F524E14D}.Debug|Any CPU.ActiveCfg = Debug|Any CPU
		{62A633C9-D45E-48FB-8DE9-CA58F524E14D}.Debug|Any CPU.Build.0 = Debug|Any CPU
		{62A633C9-D45E-48FB-8DE9-CA58F524E14D}.Release|Any CPU.ActiveCfg = Release|Any CPU
		{62A633C9-D45E-48FB-8DE9-CA58F524E14D}.Release|Any CPU.Build.0 = Release|Any CPU
		{0E5F4748-DE1E-485D-B343-263AE8AE4556}.Debug|Any CPU.ActiveCfg = Debug|Any CPU
		{0E5F4748-DE1E-485D-B343-263AE8AE4556}.Debug|Any CPU.Build.0 = Debug|Any CPU
		{0E5F4748-DE1E-485D-B343-263AE8AE4556}.Release|Any CPU.ActiveCfg = Release|Any CPU
		{0E5F4748-DE1E-485D-B343-263AE8AE4556}.Release|Any CPU.Build.0 = Release|Any CPU
		{2C2B3DD2-56BD-4A94-9DB3-7F80B30758F0}.Debug|Any CPU.ActiveCfg = Debug|Any CPU
		{2C2B3DD2-56BD-4A94-9DB3-7F80B30758F0}.Debug|Any CPU.Build.0 = Debug|Any CPU
		{2C2B3DD2-56BD-4A94-9DB3-7F80B30758F0}.Release|Any CPU.ActiveCfg = Release|Any CPU
		{2C2B3DD2-56BD-4A94-9DB3-7F80B30758F0}.Release|Any CPU.Build.0 = Release|Any CPU
		{617DE414-3151-4EE4-AEF3-10C85CBDDE1B}.Debug|Any CPU.ActiveCfg = Debug|Any CPU
		{617DE414-3151-4EE4-AEF3-10C85CBDDE1B}.Debug|Any CPU.Build.0 = Debug|Any CPU
		{617DE414-3151-4EE4-AEF3-10C85CBDDE1B}.Release|Any CPU.ActiveCfg = Release|Any CPU
		{617DE414-3151-4EE4-AEF3-10C85CBDDE1B}.Release|Any CPU.Build.0 = Release|Any CPU
		{567BC529-9CC3-4D42-968A-7BC6B87A6A3C}.Debug|Any CPU.ActiveCfg = Debug|Any CPU
		{567BC529-9CC3-4D42-968A-7BC6B87A6A3C}.Debug|Any CPU.Build.0 = Debug|Any CPU
		{567BC529-9CC3-4D42-968A-7BC6B87A6A3C}.Release|Any CPU.ActiveCfg = Release|Any CPU
		{567BC529-9CC3-4D42-968A-7BC6B87A6A3C}.Release|Any CPU.Build.0 = Release|Any CPU
		{50A0A6E0-A183-41A1-9A05-EB9B091B1D29}.Debug|Any CPU.ActiveCfg = Debug|Any CPU
		{50A0A6E0-A183-41A1-9A05-EB9B091B1D29}.Debug|Any CPU.Build.0 = Debug|Any CPU
		{50A0A6E0-A183-41A1-9A05-EB9B091B1D29}.Release|Any CPU.ActiveCfg = Release|Any CPU
		{50A0A6E0-A183-41A1-9A05-EB9B091B1D29}.Release|Any CPU.Build.0 = Release|Any CPU
		{AB74397C-31B0-4A47-9DFA-B60C7E159E83}.Debug|Any CPU.ActiveCfg = Debug|Any CPU
		{AB74397C-31B0-4A47-9DFA-B60C7E159E83}.Debug|Any CPU.Build.0 = Debug|Any CPU
		{AB74397C-31B0-4A47-9DFA-B60C7E159E83}.Release|Any CPU.ActiveCfg = Release|Any CPU
		{AB74397C-31B0-4A47-9DFA-B60C7E159E83}.Release|Any CPU.Build.0 = Release|Any CPU
		{F37F9E12-FBDD-4426-917C-241618134C3F}.Debug|Any CPU.ActiveCfg = Debug|Any CPU
		{F37F9E12-FBDD-4426-917C-241618134C3F}.Debug|Any CPU.Build.0 = Debug|Any CPU
		{F37F9E12-FBDD-4426-917C-241618134C3F}.Release|Any CPU.ActiveCfg = Release|Any CPU
		{F37F9E12-FBDD-4426-917C-241618134C3F}.Release|Any CPU.Build.0 = Release|Any CPU
	EndGlobalSection
	GlobalSection(SolutionProperties) = preSolution
		HideSolutionNode = FALSE
	EndGlobalSection
	GlobalSection(NestedProjects) = preSolution
		{EA1EAB00-86A6-4C32-B8CC-5DCC18B3E2B6} = {9555516A-6E6F-4DBD-B64E-7F508D9301BC}
		{4E08650A-7729-4A49-9769-1500B43884D1} = {BA2B8C88-E5FA-4B12-B020-CAF697F1FE4D}
		{02817B17-0DD7-46AF-B73F-1D1A38436AA6} = {4E08650A-7729-4A49-9769-1500B43884D1}
		{2DED444F-6CCB-425B-80FF-0AFB4C417F6A} = {02817B17-0DD7-46AF-B73F-1D1A38436AA6}
		{E3D39910-105B-410A-9B53-654F18648575} = {4E08650A-7729-4A49-9769-1500B43884D1}
		{7D5FFA45-42D7-46FF-8867-869B3EA0F48E} = {E3D39910-105B-410A-9B53-654F18648575}
		{CAC77469-DF01-492E-B9D2-2D8CEBB77E44} = {E3D39910-105B-410A-9B53-654F18648575}
		{D3A48729-6F2C-4401-BF58-8228E5F2CD7D} = {E3D39910-105B-410A-9B53-654F18648575}
		{8E0AC113-73B5-41EB-AD22-A693127A5DE1} = {E3D39910-105B-410A-9B53-654F18648575}
		{14895404-17BA-4D49-B635-F9E4DBDA9C2A} = {E3D39910-105B-410A-9B53-654F18648575}
		{C8F56823-C4D0-4220-8B00-9F7E45FDB195} = {E3D39910-105B-410A-9B53-654F18648575}
		{53428415-2C73-4C82-9BCF-3885050B1348} = {E3D39910-105B-410A-9B53-654F18648575}
		{9AE705B7-A420-452E-A00B-DCBDBB388998} = {4E08650A-7729-4A49-9769-1500B43884D1}
		{56624229-31C3-4CCF-9888-2AA724DA6140} = {9AE705B7-A420-452E-A00B-DCBDBB388998}
		{0236077A-4A2A-44F4-B1BD-1EB83B04820F} = {9AE705B7-A420-452E-A00B-DCBDBB388998}
		{EFDD08DC-600E-4959-A85C-C6BD0C149851} = {9AE705B7-A420-452E-A00B-DCBDBB388998}
		{976E944D-05D7-4BCD-9149-D5889764CBB4} = {9AE705B7-A420-452E-A00B-DCBDBB388998}
		{E54B009D-689C-451B-B619-C9573B3E4F31} = {9AE705B7-A420-452E-A00B-DCBDBB388998}
		{AA147DC8-8F2E-4E68-8934-E099A26C7B06} = {BA2B8C88-E5FA-4B12-B020-CAF697F1FE4D}
		{23432644-FB21-4AC0-8D78-D6F1B136A85E} = {AA147DC8-8F2E-4E68-8934-E099A26C7B06}
		{C3029D4E-DFAA-4312-94D8-1B4BF330AE26} = {23432644-FB21-4AC0-8D78-D6F1B136A85E}
		{154F6851-7692-44E3-9E9B-859B535B7FB9} = {AA147DC8-8F2E-4E68-8934-E099A26C7B06}
		{4EA13F82-D72E-4258-BC6D-964AB59EA668} = {154F6851-7692-44E3-9E9B-859B535B7FB9}
		{40C589E0-9A4F-41B2-BF2B-F190ABBAF017} = {154F6851-7692-44E3-9E9B-859B535B7FB9}
		{0FFA0602-FE08-404C-8C27-B4D4D68E1F14} = {154F6851-7692-44E3-9E9B-859B535B7FB9}
		{E922D498-44D8-468C-93A3-007DCC1EC45C} = {154F6851-7692-44E3-9E9B-859B535B7FB9}
		{5E0790A6-1A9F-46F9-9C15-AEB09AC164EF} = {154F6851-7692-44E3-9E9B-859B535B7FB9}
		{54C47DE2-AADC-4580-B02D-3F16DCCECBA0} = {154F6851-7692-44E3-9E9B-859B535B7FB9}
		{75E2C606-9EE2-486D-A8F9-2720D2567CD0} = {154F6851-7692-44E3-9E9B-859B535B7FB9}
		{05D4F915-96F7-48AB-B678-49022B963228} = {AA147DC8-8F2E-4E68-8934-E099A26C7B06}
		{58274366-3447-49FF-9B6A-4BE65A9F37F1} = {05D4F915-96F7-48AB-B678-49022B963228}
		{13F1DDB0-24F0-4395-AD61-7F6049423D15} = {05D4F915-96F7-48AB-B678-49022B963228}
		{C64F3F10-03F2-4297-9899-26D800C24F09} = {05D4F915-96F7-48AB-B678-49022B963228}
		{F9765A09-E452-4595-B890-BCEC038D0E81} = {05D4F915-96F7-48AB-B678-49022B963228}
		{87C47108-7FA4-49B8-99C6-2756EC1FFE90} = {05D4F915-96F7-48AB-B678-49022B963228}
		{80CCBD57-3D9C-4218-AE9B-FC433C6405E5} = {BA2B8C88-E5FA-4B12-B020-CAF697F1FE4D}
		{AE57FE80-779C-4353-9612-776883E6E057} = {80CCBD57-3D9C-4218-AE9B-FC433C6405E5}
		{82AA22AD-BD81-42E2-BF0C-969992381628} = {AE57FE80-779C-4353-9612-776883E6E057}
		{969479E2-FE7B-44F5-BA2D-91276D810A52} = {80CCBD57-3D9C-4218-AE9B-FC433C6405E5}
		{0230FC2E-B578-467F-8FF2-7D5A7F50FD5F} = {969479E2-FE7B-44F5-BA2D-91276D810A52}
		{DA1116AC-EF6C-4A94-9C14-061DEE232EB8} = {969479E2-FE7B-44F5-BA2D-91276D810A52}
		{31812E7B-797D-4081-B35D-B26D7A0F1157} = {969479E2-FE7B-44F5-BA2D-91276D810A52}
		{59EB2204-C713-409C-BCC6-8CCBDF5A2CBE} = {969479E2-FE7B-44F5-BA2D-91276D810A52}
		{34B0BFBE-944A-47DB-A575-FA1C176B9266} = {969479E2-FE7B-44F5-BA2D-91276D810A52}
		{620E43E9-6CB0-45CA-8344-E38005D1737E} = {969479E2-FE7B-44F5-BA2D-91276D810A52}
		{903CBF5F-B9B3-4BF3-92BC-CA71E0F02148} = {969479E2-FE7B-44F5-BA2D-91276D810A52}
		{0D0C90CC-1909-4717-8C0D-05371540AA7E} = {80CCBD57-3D9C-4218-AE9B-FC433C6405E5}
		{0C6EBCB8-FC03-4635-B399-13D4B5964FAA} = {0D0C90CC-1909-4717-8C0D-05371540AA7E}
		{2B328B48-3703-48B3-94BB-90ADE812371D} = {0D0C90CC-1909-4717-8C0D-05371540AA7E}
		{5F18C2F1-D895-4EA4-BACB-EF668080DC03} = {0D0C90CC-1909-4717-8C0D-05371540AA7E}
		{BD567DF7-8429-4475-A1BC-F6CC449EBE9E} = {0D0C90CC-1909-4717-8C0D-05371540AA7E}
		{A30C9E1B-11B9-4ACE-A9ED-3D8580BE847D} = {0D0C90CC-1909-4717-8C0D-05371540AA7E}
		{686B026E-2781-4A29-93C5-5E0C2CEB8314} = {25CD0E53-0CBA-4C4F-945C-E2B19B1D19C0}
		{AC866E18-1BFD-4731-B628-43F62762C6EC} = {25CD0E53-0CBA-4C4F-945C-E2B19B1D19C0}
		{DC408135-9012-484C-99DE-4F291F9C374E} = {D72B0C72-34F9-4478-B52E-BD3227C113BB}
		{67D52D2A-310C-4D11-A47F-82C1ACCF551C} = {25CD0E53-0CBA-4C4F-945C-E2B19B1D19C0}
		{2AF5E6A9-0548-4DE8-B43A-8F0BF787AFFD} = {BA2B8C88-E5FA-4B12-B020-CAF697F1FE4D}
		{2947B5C8-4C20-4DE7-8EDA-FBE9C17F228D} = {2AF5E6A9-0548-4DE8-B43A-8F0BF787AFFD}
		{10D035B8-84B6-4EA9-BD27-0A7C108901A2} = {2947B5C8-4C20-4DE7-8EDA-FBE9C17F228D}
		{23E17835-4225-4518-B863-72DB0FECC607} = {2AF5E6A9-0548-4DE8-B43A-8F0BF787AFFD}
		{4B6EC2AC-0BF5-4F90-A6E2-1BF236F98417} = {23E17835-4225-4518-B863-72DB0FECC607}
		{82BC1A1C-7C5F-4D09-805C-BC46EB576F62} = {23E17835-4225-4518-B863-72DB0FECC607}
		{A3089E80-D7EE-4A08-9FF0-6FD5A4918BC7} = {23E17835-4225-4518-B863-72DB0FECC607}
		{70A30C4F-2DB4-4701-873C-FA3AC050177C} = {23E17835-4225-4518-B863-72DB0FECC607}
		{62A633C9-D45E-48FB-8DE9-CA58F524E14D} = {23E17835-4225-4518-B863-72DB0FECC607}
		{0E5F4748-DE1E-485D-B343-263AE8AE4556} = {23E17835-4225-4518-B863-72DB0FECC607}
		{2C2B3DD2-56BD-4A94-9DB3-7F80B30758F0} = {23E17835-4225-4518-B863-72DB0FECC607}
		{D360BCD6-9995-4D9E-83AB-AA40CB377B34} = {2AF5E6A9-0548-4DE8-B43A-8F0BF787AFFD}
		{617DE414-3151-4EE4-AEF3-10C85CBDDE1B} = {D360BCD6-9995-4D9E-83AB-AA40CB377B34}
		{567BC529-9CC3-4D42-968A-7BC6B87A6A3C} = {D360BCD6-9995-4D9E-83AB-AA40CB377B34}
		{50A0A6E0-A183-41A1-9A05-EB9B091B1D29} = {D360BCD6-9995-4D9E-83AB-AA40CB377B34}
		{AB74397C-31B0-4A47-9DFA-B60C7E159E83} = {D360BCD6-9995-4D9E-83AB-AA40CB377B34}
		{F37F9E12-FBDD-4426-917C-241618134C3F} = {D360BCD6-9995-4D9E-83AB-AA40CB377B34}
	EndGlobalSection
	GlobalSection(ExtensibilityGlobals) = postSolution
		SolutionGuid = {6AA5F6A4-E2D8-4A49-BFEE-62A229653ED4}
	EndGlobalSection
EndGlobal
